{
  "name": "@feat-cat/sense",
  "version": "1.6.0",
  "lockfileVersion": 3,
  "requires": true,
  "packages": {
    "": {
      "name": "@feat-cat/sense",
      "version": "1.6.0",
      "license": "MIT",
      "bin": {
        "sense": "bin/sense.js"
      },
      "engines": {
        "node": ">=18"
      }
    }
  }
}
